// !$*UTF8*$!
{
	archiveVersion = 1;
	classes = {
	};
	objectVersion = 46;
	objects = {

/* Begin PBXBuildFile section */
		2FA1B93F1D3F385A0080D0F5 /* AppDelegate.swift in Sources */ = {isa = PBXBuildFile; fileRef = 2FA1B93E1D3F385A0080D0F5 /* AppDelegate.swift */; };
		2FA1B9411D3F385A0080D0F5 /* ViewController.swift in Sources */ = {isa = PBXBuildFile; fileRef = 2FA1B9401D3F385A0080D0F5 /* ViewController.swift */; };
		2FA1B9441D3F385A0080D0F5 /* Main.storyboard in Resources */ = {isa = PBXBuildFile; fileRef = 2FA1B9421D3F385A0080D0F5 /* Main.storyboard */; };
		2FA1B9461D3F385A0080D0F5 /* Assets.xcassets in Resources */ = {isa = PBXBuildFile; fileRef = 2FA1B9451D3F385A0080D0F5 /* Assets.xcassets */; };
		2FA1B9491D3F385A0080D0F5 /* LaunchScreen.storyboard in Resources */ = {isa = PBXBuildFile; fileRef = 2FA1B9471D3F385A0080D0F5 /* LaunchScreen.storyboard */; };
/* End PBXBuildFile section */

/* Begin PBXFileReference section */
		2FA1B93B1D3F385A0080D0F5 /* SecondKadaiApp.app */ = {isa = PBXFileReference; explicitFileType = wrapper.application; includeInIndex = 0; path = SecondKadaiApp.app; sourceTree = BUILT_PRODUCTS_DIR; };
		2FA1B93E1D3F385A0080D0F5 /* AppDelegate.swift */ = {isa = PBXFileReference; lastKnownFileType = sourcecode.swift; path = AppDelegate.swift; sourceTree = "<group>"; };
		2FA1B9401D3F385A0080D0F5 /* ViewController.swift */ = {isa = PBXFileReference; lastKnownFileType = sourcecode.swift; path = ViewController.swift; sourceTree = "<group>"; };
		2FA1B9431D3F385A0080D0F5 /* Base */ = {isa = PBXFileReference; lastKnownFileType = file.storyboard; name = Base; path = Base.lproj/Main.storyboard; sourceTree = "<group>"; };
		2FA1B9451D3F385A0080D0F5 /* Assets.xcassets */ = {isa = PBXFileReference; lastKnownFileType = folder.assetcatalog; path = Assets.xcassets; sourceTree = "<group>"; };
		2FA1B9481D3F385A0080D0F5 /* Base */ = {isa = PBXFileReference; lastKnownFileType = file.storyboard; name = Base; path = Base.lproj/LaunchScreen.storyboard; sourceTree = "<group>"; };
		2FA1B94A1D3F385A0080D0F5 /* Info.plist */ = {isa = PBXFileReference; lastKnownFileType = text.plist.xml; path = Info.plist; sourceTree = "<group>"; };
/* End PBXFileReference section */

/* Begin PBXFrameworksBuildPhase section */
		2FA1B9381D3F385A0080D0F5 /* Frameworks */ = {
			isa = PBXFrameworksBuildPhase;
			buildActionMask = 2147483647;
			files = (
			);
			runOnlyForDeploymentPostprocessing = 0;
		};
/* End PBXFrameworksBuildPhase section */

/* Begin PBXGroup section */
		2FA1B9321D3F385A0080D0F5 = {
			isa = PBXGroup;
			children = (
				2FA1B93D1D3F385A0080D0F5 /* SecondKadaiApp */,
				2FA1B93C1D3F385A0080D0F5 /* Products */,
			);
			sourceTree = "<group>";
		};
		2FA1B93C1D3F385A0080D0F5 /* Products */ = {
			isa = PBXGroup;
			children = (
				2FA1B93B1D3F385A0080D0F5 /* SecondKadaiApp.app */,
			);
			name = Products;
			sourceTree = "<group>";
		};
		2FA1B93D1D3F385A0080D0F5 /* SecondKadaiApp */ = {
			isa = PBXGroup;
			children = (
				2FA1B93E1D3F385A0080D0F5 /* AppDelegate.swift */,
				2FA1B9401D3F385A0080D0F5 /* ViewController.swift */,
				2FA1B9421D3F385A0080D0F5 /* Main.storyboard */,
				2FA1B9451D3F385A0080D0F5 /* Assets.xcassets */,
				2FA1B9471D3F385A0080D0F5 /* LaunchScreen.storyboard */,
				2FA1B94A1D3F385A0080D0F5 /* Info.plist */,
			);
			path = SecondKadaiApp;
			sourceTree = "<group>";
		};
/* End PBXGroup section */

/* Begin PBXNativeTarget section */
		2FA1B93A1D3F385A0080D0F5 /* SecondKadaiApp */ = {
			isa = PBXNativeTarget;
			buildConfigurationList = 2FA1B94D1D3F385A0080D0F5 /* Build configuration list for PBXNativeTarget "SecondKadaiApp" */;
			buildPhases = (
				2FA1B9371D3F385A0080D0F5 /* Sources */,
				2FA1B9381D3F385A0080D0F5 /* Frameworks */,
				2FA1B9391D3F385A0080D0F5 /* Resources */,
			);
			buildRules = (
			);
			dependencies = (
			);
			name = SecondKadaiApp;
			productName = SecondKadaiApp;
			productReference = 2FA1B93B1D3F385A0080D0F5 /* SecondKadaiApp.app */;
			productType = "com.apple.product-type.application";
		};
/* End PBXNativeTarget section */

/* Begin PBXProject section */
		2FA1B9331D3F385A0080D0F5 /* Project object */ = {
			isa = PBXProject;
			attributes = {
				LastSwiftUpdateCheck = 0730;
				LastUpgradeCheck = 0730;
				ORGANIZATIONNAME = masahiro.kitamura;
				TargetAttributes = {
					2FA1B93A1D3F385A0080D0F5 = {
						CreatedOnToolsVersion = 7.3.1;
					};
				};
			};
			buildConfigurationList = 2FA1B9361D3F385A0080D0F5 /* Build configuration list for PBXProject "SecondKadaiApp" */;
			compatibilityVersion = "Xcode 3.2";
			developmentRegion = English;
			hasScannedForEncodings = 0;
			knownRegions = (
				en,
				Base,
			);
			mainGroup = 2FA1B9321D3F385A0080D0F5;
			productRefGroup = 2FA1B93C1D3F385A0080D0F5 /* Products */;
			projectDirPath = "";
			projectRoot = "";
			targets = (
				2FA1B93A1D3F385A0080D0F5 /* SecondKadaiApp */,
			);
		};
/* End PBXProject section */

/* Begin PBXResourcesBuildPhase section */
		2FA1B9391D3F385A0080D0F5 /* Resources */ = {
			isa = PBXResourcesBuildPhase;
			buildActionMask = 2147483647;
			files = (
				2FA1B9491D3F385A0080D0F5 /* LaunchScreen.storyboard in Resources */,
				2FA1B9461D3F385A0080D0F5 /* Assets.xcassets in Resources */,
				2FA1B9441D3F385A0080D0F5 /* Main.storyboard in Resources */,
			);
			runOnlyForDeploymentPostprocessing = 0;
		};
/* End PBXResourcesBuildPhase section */

/* Begin PBXSourcesBuildPhase section */
		2FA1B9371D3F385A0080D0F5 /* Sources */ = {
			isa = PBXSourcesBuildPhase;
			buildActionMask = 2147483647;
			files = (
				2FA1B9411D3F385A0080D0F5 /* ViewController.swift in Sources */,
				2FA1B93F1D3F385A0080D0F5 /* AppDelegate.swift in Sources */,
			);
			runOnlyForDeploymentPostprocessing = 0;
		};
/* End PBXSourcesBuildPhase section */

/* Begin PBXVariantGroup section */
		2FA1B9421D3F385A0080D0F5 /* Main.storyboard */ = {
			isa = PBXVariantGroup;
			children = (
				2FA1B9431D3F385A0080D0F5 /* Base */,
			);
			name = Main.storyboard;
			sourceTree = "<group>";
		};
		2FA1B9471D3F385A0080D0F5 /* LaunchScreen.storyboard */ = {
			isa = PBXVariantGroup;
			children = (
				2FA1B9481D3F385A0080D0F5 /* Base */,
			);
			name = LaunchScreen.storyboard;
			sourceTree = "<group>";
		};
/* End PBXVariantGroup section */

/* Begin XCBuildConfiguration section */
		2FA1B94B1D3F385A0080D0F5 /* Debug */ = {
			isa = XCBuildConfiguration;
			buildSettings = {
				ALWAYS_SEARCH_USER_PATHS = NO;
				CLANG_ANALYZER_NONNULL = YES;
				CLANG_CXX_LANGUAGE_STANDARD = "gnu++0x";
				CLANG_CXX_LIBRARY = "libc++";
				CLANG_ENABLE_MODULES = YES;
				CLANG_ENABLE_OBJC_ARC = YES;
				CLANG_WARN_BOOL_CONVERSION = YES;
				CLANG_WARN_CONSTANT_CONVERSION = YES;
				CLANG_WARN_DIRECT_OBJC_ISA_USAGE = YES_ERROR;
				CLANG_WARN_EMPTY_BODY = YES;
				CLANG_WARN_ENUM_CONVERSION = YES;
				CLANG_WARN_INT_CONVERSION = YES;
				CLANG_WARN_OBJC_ROOT_CLASS = YES_ERROR;
				CLANG_WARN_UNREACHABLE_CODE = YES;
				CLANG_WARN__DUPLICATE_METHOD_MATCH = YES;
				"CODE_SIGN_IDENTITY[sdk=iphoneos*]" = "iPhone Developer";
				COPY_PHASE_STRIP = NO;
				DEBUG_INFORMATION_FORMAT = dwarf;
				ENABLE_STRICT_OBJC_MSGSEND = YES;
				ENABLE_TESTABILITY = YES;
				GCC_C_LANGUAGE_STANDARD = gnu99;
				GCC_DYNAMIC_NO_PIC = NO;
				GCC_NO_COMMON_BLOCKS = YES;
				GCC_OPTIMIZATION_LEVEL = 0;
				GCC_PREPROCESSOR_DEFINITIONS = (
					"DEBUG=1",
					"$(inherited)",
				);
				GCC_WARN_64_TO_32_BIT_CONVERSION = YES;
				GCC_WARN_ABOUT_RETURN_TYPE = YES_ERROR;
				GCC_WARN_UNDECLARED_SELECTOR = YES;
				GCC_WARN_UNINITIALIZED_AUTOS = YES_AGGRESSIVE;
				GCC_WARN_UNUSED_FUNCTION = YES;
				GCC_WARN_UNUSED_VARIABLE = YES;
				IPHONEOS_DEPLOYMENT_TARGET = 9.3;
				MTL_ENABLE_DEBUG_INFO = YES;
				ONLY_ACTIVE_ARCH = YES;
				SDKROOT = iphoneos;
				SWIFT_OPTIMIZATION_LEVEL = "-Onone";
			};
			name = Debug;
		};
		2FA1B94C1D3F385A0080D0F5 /* Release */ = {
			isa = XCBuildConfiguration;
			buildSettings = {
				ALWAYS_SEARCH_USER_PATHS = NO;
				CLANG_ANALYZER_NONNULL = YES;
				CLANG_CXX_LANGUAGE_STANDARD = "gnu++0x";
				CLANG_CXX_LIBRARY = "libc++";
				CLANG_ENABLE_MODULES = YES;
				CLANG_ENABLE_OBJC_ARC = YES;
				CLANG_WARN_BOOL_CONVERSION = YES;
				CLANG_WARN_CONSTANT_CONVERSION = YES;
				CLANG_WARN_DIRECT_OBJC_ISA_USAGE = YES_ERROR;
				CLANG_WARN_EMPTY_BODY = YES;
				CLANG_WARN_ENUM_CONVERSION = YES;
				CLANG_WARN_INT_CONVERSION = YES;
				CLANG_WARN_OBJC_ROOT_CLASS = YES_ERROR;
				CLANG_WARN_UNREACHABLE_CODE = YES;
				CLANG_WARN__DUPLICATE_METHOD_MATCH = YES;
				"CODE_SIGN_IDENTITY[sdk=iphoneos*]" = "iPhone Developer";
				COPY_PHASE_STRIP = NO;
				DEBUG_INFORMATION_FORMAT = "dwarf-with-dsym";
				ENABLE_NS_ASSERTIONS = NO;
				ENABLE_STRICT_OBJC_MSGSEND = YES;
				GCC_C_LANGUAGE_STANDARD = gnu99;
				GCC_NO_COMMON_BLOCKS = YES;
				GCC_WARN_64_TO_32_BIT_CONVERSION = YES;
				GCC_WARN_ABOUT_RETURN_TYPE = YES_ERROR;
				GCC_WARN_UNDECLARED_SELECTOR = YES;
				GCC_WARN_UNINITIALIZED_AUTOS = YES_AGGRESSIVE;
				GCC_WARN_UNUSED_FUNCTION = YES;
				GCC_WARN_UNUSED_VARIABLE = YES;
				IPHONEOS_DEPLOYMENT_TARGET = 9.3;
				MTL_ENABLE_DEBUG_INFO = NO;
				SDKROOT = iphoneos;
				VALIDATE_PRODUCT = YES;
			};
			name = Release;
		};
		2FA1B94E1D3F385A0080D0F5 /* Debug */ = {
			isa = XCBuildConfiguration;
			buildSettings = {
				ASSETCATALOG_COMPILER_APPICON_NAME = AppIcon;
				INFOPLIST_FILE = SecondKadaiApp/Info.plist;
				LD_RUNPATH_SEARCH_PATHS = "$(inherited) @executable_path/Frameworks";
				PRODUCT_BUNDLE_IDENTIFIER = jp.techacademy.masahiro.kitamura.SecondKadaiApp;
				PRODUCT_NAME = "$(TARGET_NAME)";
			};
			name = Debug;
		};
		2FA1B94F1D3F385A0080D0F5 /* Release */ = {
			isa = XCBuildConfiguration;
			buildSettings = {
				ASSETCATALOG_COMPILER_APPICON_NAME = AppIcon;
				INFOPLIST_FILE = SecondKadaiApp/Info.plist;
				LD_RUNPATH_SEARCH_PATHS = "$(inherited) @executable_path/Frameworks";
				PRODUCT_BUNDLE_IDENTIFIER = jp.techacademy.masahiro.kitamura.SecondKadaiApp;
				PRODUCT_NAME = "$(TARGET_NAME)";
			};
			name = Release;
		};
/* End XCBuildConfiguration section */

/* Begin XCConfigurationList section */
		2FA1B9361D3F385A0080D0F5 /* Build configuration list for PBXProject "SecondKadaiApp" */ = {
			isa = XCConfigurationList;
			buildConfigurations = (
				2FA1B94B1D3F385A0080D0F5 /* Debug */,
				2FA1B94C1D3F385A0080D0F5 /* Release */,
			);
			defaultConfigurationIsVisible = 0;
			defaultConfigurationName = Release;
		};
		2FA1B94D1D3F385A0080D0F5 /* Build configuration list for PBXNativeTarget "SecondKadaiApp" */ = {
			isa = XCConfigurationList;
			buildConfigurations = (
				2FA1B94E1D3F385A0080D0F5 /* Debug */,
				2FA1B94F1D3F385A0080D0F5 /* Release */,
			);
			defaultConfigurationIsVisible = 0;
		};
/* End XCConfigurationList section */
	};
	rootObject = 2FA1B9331D3F385A0080D0F5 /* Project object */;
}
